
Microsoft Visual Studio Solution File, Format Version 11.00
# Visual Studio 2010
Project("{FAE04EC0-301F-11D3-BF4B-00C04F79EFBC}") = "MvcCodeFirst", "MvcCodeFirst\MvcCodeFirst.csproj", "{F4A9C719-A5E9-4B95-AC2B-6B18424C3ACB}"
	ProjectSection(ProjectDependencies) = postProject
		{6B418607-C2A9-4465-A148-92BC7250F9D1} = {6B418607-C2A9-4465-A148-92BC7250F9D1}
		{74954052-89EB-4D3E-AC35-4A3A86A15F63} = {74954052-89EB-4D3E-AC35-4A3A86A15F63}
		{F7ECE494-CCFE-4F07-A0BE-D72760C63C67} = {F7ECE494-CCFE-4F07-A0BE-D72760C63C67}
		{AEC285EE-D051-4FBC-9127-6B1E620DA43E} = {AEC285EE-D051-4FBC-9127-6B1E620DA43E}
	EndProjectSection
EndProject
Project("{FAE04EC0-301F-11D3-BF4B-00C04F79EFBC}") = "Domain", "Domain\Domain.csproj", "{010FD881-8D71-4289-A113-B3F975CAD15B}"
EndProject
Project("{FAE04EC0-301F-11D3-BF4B-00C04F79EFBC}") = "DependencyResolution", "DependencyResolution\DependencyResolution.csproj", "{187991FC-ED62-4293-BC58-AF3FAAFD76B4}"
EndProject
Project("{FAE04EC0-301F-11D3-BF4B-00C04F79EFBC}") = "Infrastructure", "Infrastructure\Infrastructure.csproj", "{AEC285EE-D051-4FBC-9127-6B1E620DA43E}"
EndProject
Project("{FAE04EC0-301F-11D3-BF4B-00C04F79EFBC}") = "Common", "Common\Common.csproj", "{5BD5DB1D-D803-4F03-89A7-E7E4CEC50EB1}"
EndProject
Project("{2150E333-8FDC-42A3-9474-1A3956D46DE8}") = "MvcAreas", "MvcAreas", "{33FCDBD6-72EC-408A-80F5-04E45E004784}"
EndProject
Project("{2150E333-8FDC-42A3-9474-1A3956D46DE8}") = "Dependencies", "Dependencies", "{9412DBA1-EC21-4516-AA69-B95A8D799259}"
EndProject
Project("{FAE04EC0-301F-11D3-BF4B-00C04F79EFBC}") = "AdministrationArea", "AdministrationArea\AdministrationArea.csproj", "{F7ECE494-CCFE-4F07-A0BE-D72760C63C67}"
EndProject
Project("{FAE04EC0-301F-11D3-BF4B-00C04F79EFBC}") = "PublicArea", "PublicArea\PublicArea.csproj", "{6B418607-C2A9-4465-A148-92BC7250F9D1}"
EndProject
Project("{FAE04EC0-301F-11D3-BF4B-00C04F79EFBC}") = "DatabaseInitialization", "DatabaseInitialization\DatabaseInitialization.csproj", "{74954052-89EB-4D3E-AC35-4A3A86A15F63}"
EndProject
Project("{F088123C-0E9E-452A-89E6-6BA2F21D5CAC}") = "Architecture", "Architecture\Architecture.modelproj", "{0D0B73B9-0F20-4743-87AE-A43EA915630F}"
EndProject
Global
	GlobalSection(SolutionConfigurationPlatforms) = preSolution
		Debug|Any CPU = Debug|Any CPU
		Release|Any CPU = Release|Any CPU
	EndGlobalSection
	GlobalSection(ProjectConfigurationPlatforms) = postSolution
		{F4A9C719-A5E9-4B95-AC2B-6B18424C3ACB}.Debug|Any CPU.ActiveCfg = Debug|Any CPU
		{F4A9C719-A5E9-4B95-AC2B-6B18424C3ACB}.Debug|Any CPU.Build.0 = Debug|Any CPU
		{F4A9C719-A5E9-4B95-AC2B-6B18424C3ACB}.Release|Any CPU.ActiveCfg = Release|Any CPU
		{F4A9C719-A5E9-4B95-AC2B-6B18424C3ACB}.Release|Any CPU.Build.0 = Release|Any CPU
		{010FD881-8D71-4289-A113-B3F975CAD15B}.Debug|Any CPU.ActiveCfg = Debug|Any CPU
		{010FD881-8D71-4289-A113-B3F975CAD15B}.Debug|Any CPU.Build.0 = Debug|Any CPU
		{010FD881-8D71-4289-A113-B3F975CAD15B}.Release|Any CPU.ActiveCfg = Release|Any CPU
		{010FD881-8D71-4289-A113-B3F975CAD15B}.Release|Any CPU.Build.0 = Release|Any CPU
		{187991FC-ED62-4293-BC58-AF3FAAFD76B4}.Debug|Any CPU.ActiveCfg = Debug|Any CPU
		{187991FC-ED62-4293-BC58-AF3FAAFD76B4}.Debug|Any CPU.Build.0 = Debug|Any CPU
		{187991FC-ED62-4293-BC58-AF3FAAFD76B4}.Release|Any CPU.ActiveCfg = Release|Any CPU
		{187991FC-ED62-4293-BC58-AF3FAAFD76B4}.Release|Any CPU.Build.0 = Release|Any CPU
		{AEC285EE-D051-4FBC-9127-6B1E620DA43E}.Debug|Any CPU.ActiveCfg = Debug|Any CPU
		{AEC285EE-D051-4FBC-9127-6B1E620DA43E}.Debug|Any CPU.Build.0 = Debug|Any CPU
		{AEC285EE-D051-4FBC-9127-6B1E620DA43E}.Release|Any CPU.ActiveCfg = Release|Any CPU
		{AEC285EE-D051-4FBC-9127-6B1E620DA43E}.Release|Any CPU.Build.0 = Release|Any CPU
		{5BD5DB1D-D803-4F03-89A7-E7E4CEC50EB1}.Debug|Any CPU.ActiveCfg = Debug|Any CPU
		{5BD5DB1D-D803-4F03-89A7-E7E4CEC50EB1}.Debug|Any CPU.Build.0 = Debug|Any CPU
		{5BD5DB1D-D803-4F03-89A7-E7E4CEC50EB1}.Release|Any CPU.ActiveCfg = Release|Any CPU
		{5BD5DB1D-D803-4F03-89A7-E7E4CEC50EB1}.Release|Any CPU.Build.0 = Release|Any CPU
		{F7ECE494-CCFE-4F07-A0BE-D72760C63C67}.Debug|Any CPU.ActiveCfg = Debug|Any CPU
		{F7ECE494-CCFE-4F07-A0BE-D72760C63C67}.Debug|Any CPU.Build.0 = Debug|Any CPU
		{F7ECE494-CCFE-4F07-A0BE-D72760C63C67}.Release|Any CPU.ActiveCfg = Release|Any CPU
		{F7ECE494-CCFE-4F07-A0BE-D72760C63C67}.Release|Any CPU.Build.0 = Release|Any CPU
		{6B418607-C2A9-4465-A148-92BC7250F9D1}.Debug|Any CPU.ActiveCfg = Debug|Any CPU
		{6B418607-C2A9-4465-A148-92BC7250F9D1}.Debug|Any CPU.Build.0 = Debug|Any CPU
		{6B418607-C2A9-4465-A148-92BC7250F9D1}.Release|Any CPU.ActiveCfg = Release|Any CPU
		{6B418607-C2A9-4465-A148-92BC7250F9D1}.Release|Any CPU.Build.0 = Release|Any CPU
		{74954052-89EB-4D3E-AC35-4A3A86A15F63}.Debug|Any CPU.ActiveCfg = Debug|Any CPU
		{74954052-89EB-4D3E-AC35-4A3A86A15F63}.Debug|Any CPU.Build.0 = Debug|Any CPU
		{74954052-89EB-4D3E-AC35-4A3A86A15F63}.Release|Any CPU.ActiveCfg = Release|Any CPU
		{74954052-89EB-4D3E-AC35-4A3A86A15F63}.Release|Any CPU.Build.0 = Release|Any CPU
		{0D0B73B9-0F20-4743-87AE-A43EA915630F}.Debug|Any CPU.ActiveCfg = Debug|Any CPU
		{0D0B73B9-0F20-4743-87AE-A43EA915630F}.Debug|Any CPU.Build.0 = Debug|Any CPU
		{0D0B73B9-0F20-4743-87AE-A43EA915630F}.Release|Any CPU.ActiveCfg = Release|Any CPU
		{0D0B73B9-0F20-4743-87AE-A43EA915630F}.Release|Any CPU.Build.0 = Release|Any CPU
	EndGlobalSection
	GlobalSection(SolutionProperties) = preSolution
		HideSolutionNode = FALSE
	EndGlobalSection
	GlobalSection(NestedProjects) = preSolution
		{5BD5DB1D-D803-4F03-89A7-E7E4CEC50EB1} = {9412DBA1-EC21-4516-AA69-B95A8D799259}
		{187991FC-ED62-4293-BC58-AF3FAAFD76B4} = {9412DBA1-EC21-4516-AA69-B95A8D799259}
		{74954052-89EB-4D3E-AC35-4A3A86A15F63} = {9412DBA1-EC21-4516-AA69-B95A8D799259}
		{F7ECE494-CCFE-4F07-A0BE-D72760C63C67} = {33FCDBD6-72EC-408A-80F5-04E45E004784}
		{6B418607-C2A9-4465-A148-92BC7250F9D1} = {33FCDBD6-72EC-408A-80F5-04E45E004784}
	EndGlobalSection
EndGlobal
